<?xml version="1.0" encoding="UTF-8" standalone="yes" ?>
<CodeBlocks_project_file>
	<FileVersion major="1" minor="6" />
	<Project>
		<Option title="dziennik-gui" />
		<Option pch_mode="2" />
		<Option compiler="gcc" />
		<Build>
			<Target title="Debug">
				<Option output="bin/Debug/dziennik-gui" prefix_auto="1" extension_auto="1" />
				<Option object_output="obj/Debug/" />
				<Option type="1" />
				<Option compiler="gcc" />
				<Option use_console_runner="0" />
				<Option projectLinkerOptionsRelation="2" />
				<Compiler>
					<Add option="-g" />
					<Add option="-D__WXDEBUG__" />
					<Add directory="../wx/lib/gcc810_x64_dll_Dev/mswud" />
				</Compiler>
				<ResourceCompiler>
					<Add directory="../wx/lib/gcc810_x64_dll_Dev/mswud" />
				</ResourceCompiler>
				<Linker>
					<Add library="libwxmsw32ud_core.a" />
					<Add library="libwxbase32ud.a" />
					<Add library="libwxpngd.a" />
					<Add library="libwxzlibd.a" />
					<Add directory="../wx/lib/gcc810_x64_dll_Dev" />
				</Linker>
			</Target>
			<Target title="Release">
				<Option output="bin/Release/dziennik-gui" prefix_auto="1" extension_auto="1" />
				<Option object_output="obj/Release/" />
				<Option type="0" />
				<Option compiler="gcc" />
				<Option projectLinkerOptionsRelation="2" />
				<Compiler>
					<Add option="-O2" />
					<Add directory="../wx/lib/gcc810_x64_dll_Dev/mswu" />
				</Compiler>
				<ResourceCompiler>
					<Add directory="../wx/lib/gcc810_x64_dll_Dev/mswu" />
				</ResourceCompiler>
				<Linker>
					<Add option="-s" />
					<Add library="libwxmsw32u_core.a" />
					<Add library="libwxbase32u.a" />
					<Add library="libwxpng.a" />
					<Add library="libwxzlib.a" />
					<Add directory="../wx/lib/gcc810_x64_dll_Dev" />
				</Linker>
			</Target>
		</Build>
		<Compiler>
			<Add option="-Wall" />
			<Add option="-pipe" />
			<Add option="-mthreads" />
			<Add option="-D__GNUWIN32__" />
			<Add option="-D__WXMSW__" />
			<Add option="-DwxUSE_UNICODE" />
			<Add directory="../wx/include" />
			<Add directory="../../Dziennik_library/Dziennik_library/sqlite" />
			<Add directory="../../Dziennik_library/Dziennik_library" />
		</Compiler>
		<ResourceCompiler>
			<Add directory="../wx/include" />
		</ResourceCompiler>
		<Linker>
			<Add option="-mthreads" />
			<Add library="libkernel32.a" />
			<Add library="libuser32.a" />
			<Add library="libgdi32.a" />
			<Add library="libwinspool.a" />
			<Add library="libcomdlg32.a" />
			<Add library="libadvapi32.a" />
			<Add library="libshell32.a" />
			<Add library="libole32.a" />
			<Add library="liboleaut32.a" />
			<Add library="libuuid.a" />
			<Add library="libcomctl32.a" />
			<Add library="libwsock32.a" />
			<Add library="libodbc32.a" />
			<Add library="libshlwapi.a" />
			<Add library="libversion.a" />
			<Add library="liboleacc.a" />
			<Add library="libuxtheme.a" />
		</Linker>
		<Unit filename="../../Dziennik_library/Dziennik_library/sqlite/sqlite3.c">
			<Option compilerVar="CC" />
		</Unit>
		<Unit filename="../../Dziennik_library/Dziennik_library/sqlite/sqlite3.h" />
		<Unit filename="../../Dziennik_library/Dziennik_library/sqlite/sqlite3ext.h" />
		<Unit filename="AccountDataChangeFrame.cpp" />
		<Unit filename="AccountDataChangeFrame.h" />
		<Unit filename="ConfirmPasswordFrame.cpp" />
		<Unit filename="ConfirmPasswordFrame.h" />
		<Unit filename="PasswordConfirmFrame.cpp" />
		<Unit filename="PasswordConfirmFrame.h" />
		<Unit filename="dziennik_guiApp.cpp" />
		<Unit filename="dziennik_guiApp.h" />
		<Unit filename="dziennik_guiMain.cpp" />
		<Unit filename="dziennik_guiMain.h" />
		<Unit filename="resource.rc">
			<Option compilerVar="WINDRES" />
		</Unit>
		<Unit filename="wxsmith/AccountDataChangeFrame.wxs" />
		<Unit filename="wxsmith/PasswordConfirmFrame.wxs" />
		<Unit filename="wxsmith/dziennik_guiframe.wxs" />
		<Extensions>
			<code_completion>
				<search_path add="..\..\wx\include" />
			</code_completion>
			<lib_finder disable_auto="1" />
			<wxsmith version="1">
				<gui name="wxWidgets" src="dziennik_guiApp.cpp" main="dziennik_guiFrame" init_handlers="necessary" language="CPP" />
				<resources>
					<wxFrame wxs="wxsmith/dziennik_guiframe.wxs" src="dziennik_guiMain.cpp" hdr="dziennik_guiMain.h" fwddecl="0" i18n="1" name="dziennik_guiFrame" language="CPP" />
					<wxDialog wxs="wxsmith/AccountDataChangeFrame.wxs" src="AccountDataChangeFrame.cpp" hdr="AccountDataChangeFrame.h" fwddecl="0" i18n="1" name="AccountDataChangeFrame" language="CPP" />
					<wxDialog wxs="wxsmith/PasswordConfirmFrame.wxs" src="PasswordConfirmFrame.cpp" hdr="PasswordConfirmFrame.h" fwddecl="0" i18n="1" name="PasswordConfirmFrame" language="CPP" />
				</resources>
			</wxsmith>
		</Extensions>
	</Project>
</CodeBlocks_project_file>
